
Microsoft Visual Studio Solution File, Format Version 12.00
# Visual Studio 15
VisualStudioVersion = 15.0.27428.2037
MinimumVisualStudioVersion = 10.0.40219.1
Project("{9A19103F-16F7-4668-BE54-9A1E7A4F7556}") = "UniqueUsernames", "UniqueUsernames\UniqueUsernames.csproj", "{DC74C691-E1AF-41D6-8D75-7D9C51E7F100}"
EndProject
Project("{9A19103F-16F7-4668-BE54-9A1E7A4F7556}") = "SetsOfElements", "SetsOfElements\SetsOfElements.csproj", "{24ABB8CF-87C4-475E-9DA7-0DD1B0C09EAA}"
EndProject
Project("{9A19103F-16F7-4668-BE54-9A1E7A4F7556}") = "PeriodicTable", "PeriodicTable\PeriodicTable.csproj", "{E238ABF4-331B-4B2D-B7CD-D146B5AB59AF}"
EndProject
Project("{9A19103F-16F7-4668-BE54-9A1E7A4F7556}") = "EvenTimes", "EvenTimes\EvenTimes.csproj", "{32F8F077-B261-491A-89DD-4FA714E26A4F}"
EndProject
Project("{9A19103F-16F7-4668-BE54-9A1E7A4F7556}") = "CountSymbols", "CountSymbols\CountSymbols.csproj", "{5E8F4E04-4661-4676-9342-F3E6D8F9DEBA}"
EndProject
Project("{9A19103F-16F7-4668-BE54-9A1E7A4F7556}") = "Wardrobe", "Wardrobe\Wardrobe.csproj", "{1CFDCF47-C43E-458C-8128-40330C9952F9}"
EndProject
Project("{FAE04EC0-301F-11D3-BF4B-00C04F79EFBC}") = "TheVLogger", "TheVLogger\TheVLogger.csproj", "{420B0799-FFED-4F81-99AE-53CC76448C1A}"
EndProject
Project("{FAE04EC0-301F-11D3-BF4B-00C04F79EFBC}") = "Ranking", "Ranking\Ranking.csproj", "{C7BEA7A6-9CF3-41C4-B42A-ECD7AF4A36D4}"
EndProject
Global
	GlobalSection(SolutionConfigurationPlatforms) = preSolution
		Debug|Any CPU = Debug|Any CPU
		Release|Any CPU = Release|Any CPU
	EndGlobalSection
	GlobalSection(ProjectConfigurationPlatforms) = postSolution
		{DC74C691-E1AF-41D6-8D75-7D9C51E7F100}.Debug|Any CPU.ActiveCfg = Debug|Any CPU
		{DC74C691-E1AF-41D6-8D75-7D9C51E7F100}.Debug|Any CPU.Build.0 = Debug|Any CPU
		{DC74C691-E1AF-41D6-8D75-7D9C51E7F100}.Release|Any CPU.ActiveCfg = Release|Any CPU
		{DC74C691-E1AF-41D6-8D75-7D9C51E7F100}.Release|Any CPU.Build.0 = Release|Any CPU
		{24ABB8CF-87C4-475E-9DA7-0DD1B0C09EAA}.Debug|Any CPU.ActiveCfg = Debug|Any CPU
		{24ABB8CF-87C4-475E-9DA7-0DD1B0C09EAA}.Debug|Any CPU.Build.0 = Debug|Any CPU
		{24ABB8CF-87C4-475E-9DA7-0DD1B0C09EAA}.Release|Any CPU.ActiveCfg = Release|Any CPU
		{24ABB8CF-87C4-475E-9DA7-0DD1B0C09EAA}.Release|Any CPU.Build.0 = Release|Any CPU
		{E238ABF4-331B-4B2D-B7CD-D146B5AB59AF}.Debug|Any CPU.ActiveCfg = Debug|Any CPU
		{E238ABF4-331B-4B2D-B7CD-D146B5AB59AF}.Debug|Any CPU.Build.0 = Debug|Any CPU
		{E238ABF4-331B-4B2D-B7CD-D146B5AB59AF}.Release|Any CPU.ActiveCfg = Release|Any CPU
		{E238ABF4-331B-4B2D-B7CD-D146B5AB59AF}.Release|Any CPU.Build.0 = Release|Any CPU
		{32F8F077-B261-491A-89DD-4FA714E26A4F}.Debug|Any CPU.ActiveCfg = Debug|Any CPU
		{32F8F077-B261-491A-89DD-4FA714E26A4F}.Debug|Any CPU.Build.0 = Debug|Any CPU
		{32F8F077-B261-491A-89DD-4FA714E26A4F}.Release|Any CPU.ActiveCfg = Release|Any CPU
		{32F8F077-B261-491A-89DD-4FA714E26A4F}.Release|Any CPU.Build.0 = Release|Any CPU
		{5E8F4E04-4661-4676-9342-F3E6D8F9DEBA}.Debug|Any CPU.ActiveCfg = Debug|Any CPU
		{5E8F4E04-4661-4676-9342-F3E6D8F9DEBA}.Debug|Any CPU.Build.0 = Debug|Any CPU
		{5E8F4E04-4661-4676-9342-F3E6D8F9DEBA}.Release|Any CPU.ActiveCfg = Release|Any CPU
		{5E8F4E04-4661-4676-9342-F3E6D8F9DEBA}.Release|Any CPU.Build.0 = Release|Any CPU
		{1CFDCF47-C43E-458C-8128-40330C9952F9}.Debug|Any CPU.ActiveCfg = Debug|Any CPU
		{1CFDCF47-C43E-458C-8128-40330C9952F9}.Debug|Any CPU.Build.0 = Debug|Any CPU
		{1CFDCF47-C43E-458C-8128-40330C9952F9}.Release|Any CPU.ActiveCfg = Release|Any CPU
		{1CFDCF47-C43E-458C-8128-40330C9952F9}.Release|Any CPU.Build.0 = Release|Any CPU
		{420B0799-FFED-4F81-99AE-53CC76448C1A}.Debug|Any CPU.ActiveCfg = Debug|Any CPU
		{420B0799-FFED-4F81-99AE-53CC76448C1A}.Debug|Any CPU.Build.0 = Debug|Any CPU
		{420B0799-FFED-4F81-99AE-53CC76448C1A}.Release|Any CPU.ActiveCfg = Release|Any CPU
		{420B0799-FFED-4F81-99AE-53CC76448C1A}.Release|Any CPU.Build.0 = Release|Any CPU
		{C7BEA7A6-9CF3-41C4-B42A-ECD7AF4A36D4}.Debug|Any CPU.ActiveCfg = Debug|Any CPU
		{C7BEA7A6-9CF3-41C4-B42A-ECD7AF4A36D4}.Debug|Any CPU.Build.0 = Debug|Any CPU
		{C7BEA7A6-9CF3-41C4-B42A-ECD7AF4A36D4}.Release|Any CPU.ActiveCfg = Release|Any CPU
		{C7BEA7A6-9CF3-41C4-B42A-ECD7AF4A36D4}.Release|Any CPU.Build.0 = Release|Any CPU
	EndGlobalSection
	GlobalSection(SolutionProperties) = preSolution
		HideSolutionNode = FALSE
	EndGlobalSection
	GlobalSection(ExtensibilityGlobals) = postSolution
		SolutionGuid = {0F7CAF3D-F76F-411C-8C1D-820F64B80778}
	EndGlobalSection
EndGlobal
