
Microsoft Visual Studio Solution File, Format Version 12.00
# Visual Studio 15
VisualStudioVersion = 15.0.28010.2036
MinimumVisualStudioVersion = 10.0.40219.1
Project("{FAE04EC0-301F-11D3-BF4B-00C04F79EFBC}") = "AllLines", "ConsoleApp1\AllLines.csproj", "{45DBC207-85C5-4AD8-AA2C-8199B01D501B}"
EndProject
Project("{FAE04EC0-301F-11D3-BF4B-00C04F79EFBC}") = "ReverseLines", "ReverseLines\ReverseLines.csproj", "{AAEF97B5-0843-4E97-8F40-8EA6159B8E17}"
EndProject
Project("{FAE04EC0-301F-11D3-BF4B-00C04F79EFBC}") = "TCPServer", "TCPServer\TCPServer.csproj", "{9DDE8AE1-4F63-4A1A-9CEE-ACD7AFD4C98D}"
EndProject
Global
	GlobalSection(SolutionConfigurationPlatforms) = preSolution
		Debug|Any CPU = Debug|Any CPU
		Release|Any CPU = Release|Any CPU
	EndGlobalSection
	GlobalSection(ProjectConfigurationPlatforms) = postSolution
		{45DBC207-85C5-4AD8-AA2C-8199B01D501B}.Debug|Any CPU.ActiveCfg = Debug|Any CPU
		{45DBC207-85C5-4AD8-AA2C-8199B01D501B}.Debug|Any CPU.Build.0 = Debug|Any CPU
		{45DBC207-85C5-4AD8-AA2C-8199B01D501B}.Release|Any CPU.ActiveCfg = Release|Any CPU
		{45DBC207-85C5-4AD8-AA2C-8199B01D501B}.Release|Any CPU.Build.0 = Release|Any CPU
		{AAEF97B5-0843-4E97-8F40-8EA6159B8E17}.Debug|Any CPU.ActiveCfg = Debug|Any CPU
		{AAEF97B5-0843-4E97-8F40-8EA6159B8E17}.Debug|Any CPU.Build.0 = Debug|Any CPU
		{AAEF97B5-0843-4E97-8F40-8EA6159B8E17}.Release|Any CPU.ActiveCfg = Release|Any CPU
		{AAEF97B5-0843-4E97-8F40-8EA6159B8E17}.Release|Any CPU.Build.0 = Release|Any CPU
		{9DDE8AE1-4F63-4A1A-9CEE-ACD7AFD4C98D}.Debug|Any CPU.ActiveCfg = Debug|Any CPU
		{9DDE8AE1-4F63-4A1A-9CEE-ACD7AFD4C98D}.Debug|Any CPU.Build.0 = Debug|Any CPU
		{9DDE8AE1-4F63-4A1A-9CEE-ACD7AFD4C98D}.Release|Any CPU.ActiveCfg = Release|Any CPU
		{9DDE8AE1-4F63-4A1A-9CEE-ACD7AFD4C98D}.Release|Any CPU.Build.0 = Release|Any CPU
	EndGlobalSection
	GlobalSection(SolutionProperties) = preSolution
		HideSolutionNode = FALSE
	EndGlobalSection
	GlobalSection(ExtensibilityGlobals) = postSolution
		SolutionGuid = {52E8C330-D373-4D94-BA3F-B0A8D9ED54DB}
	EndGlobalSection
EndGlobal
