
Microsoft Visual Studio Solution File, Format Version 12.00
# Visual Studio 15
VisualStudioVersion = 15.0.28010.2036
MinimumVisualStudioVersion = 10.0.40219.1
Project("{9A19103F-16F7-4668-BE54-9A1E7A4F7556}") = "OddLines", "OddLines\OddLines.csproj", "{460C1400-7460-40C5-A2EE-63B31E6D80BF}"
EndProject
Project("{FAE04EC0-301F-11D3-BF4B-00C04F79EFBC}") = "LinesNumber", "LinesNumber\LinesNumber.csproj", "{AA6EB85B-2F6B-4BA0-9C8B-23FAFDCE4DF0}"
EndProject
Project("{FAE04EC0-301F-11D3-BF4B-00C04F79EFBC}") = "WordCount", "WordCount\WordCount.csproj", "{4F5CD13E-0963-4E5D-86B0-BEAAEDDC5C6F}"
EndProject
Project("{FAE04EC0-301F-11D3-BF4B-00C04F79EFBC}") = "CopyBinaryFile", "CopyBinaryFile\CopyBinaryFile.csproj", "{47F802EB-EE0C-4158-BD9E-241961FB708E}"
EndProject
Project("{FAE04EC0-301F-11D3-BF4B-00C04F79EFBC}") = "SlicingFile", "SlicingFile\SlicingFile.csproj", "{DE7EF51C-50D2-4CC0-B986-09C64E0B3769}"
EndProject
Global
	GlobalSection(SolutionConfigurationPlatforms) = preSolution
		Debug|Any CPU = Debug|Any CPU
		Release|Any CPU = Release|Any CPU
	EndGlobalSection
	GlobalSection(ProjectConfigurationPlatforms) = postSolution
		{460C1400-7460-40C5-A2EE-63B31E6D80BF}.Debug|Any CPU.ActiveCfg = Debug|Any CPU
		{460C1400-7460-40C5-A2EE-63B31E6D80BF}.Debug|Any CPU.Build.0 = Debug|Any CPU
		{460C1400-7460-40C5-A2EE-63B31E6D80BF}.Release|Any CPU.ActiveCfg = Release|Any CPU
		{460C1400-7460-40C5-A2EE-63B31E6D80BF}.Release|Any CPU.Build.0 = Release|Any CPU
		{AA6EB85B-2F6B-4BA0-9C8B-23FAFDCE4DF0}.Debug|Any CPU.ActiveCfg = Debug|Any CPU
		{AA6EB85B-2F6B-4BA0-9C8B-23FAFDCE4DF0}.Debug|Any CPU.Build.0 = Debug|Any CPU
		{AA6EB85B-2F6B-4BA0-9C8B-23FAFDCE4DF0}.Release|Any CPU.ActiveCfg = Release|Any CPU
		{AA6EB85B-2F6B-4BA0-9C8B-23FAFDCE4DF0}.Release|Any CPU.Build.0 = Release|Any CPU
		{4F5CD13E-0963-4E5D-86B0-BEAAEDDC5C6F}.Debug|Any CPU.ActiveCfg = Debug|Any CPU
		{4F5CD13E-0963-4E5D-86B0-BEAAEDDC5C6F}.Debug|Any CPU.Build.0 = Debug|Any CPU
		{4F5CD13E-0963-4E5D-86B0-BEAAEDDC5C6F}.Release|Any CPU.ActiveCfg = Release|Any CPU
		{4F5CD13E-0963-4E5D-86B0-BEAAEDDC5C6F}.Release|Any CPU.Build.0 = Release|Any CPU
		{47F802EB-EE0C-4158-BD9E-241961FB708E}.Debug|Any CPU.ActiveCfg = Debug|Any CPU
		{47F802EB-EE0C-4158-BD9E-241961FB708E}.Debug|Any CPU.Build.0 = Debug|Any CPU
		{47F802EB-EE0C-4158-BD9E-241961FB708E}.Release|Any CPU.ActiveCfg = Release|Any CPU
		{47F802EB-EE0C-4158-BD9E-241961FB708E}.Release|Any CPU.Build.0 = Release|Any CPU
		{DE7EF51C-50D2-4CC0-B986-09C64E0B3769}.Debug|Any CPU.ActiveCfg = Debug|Any CPU
		{DE7EF51C-50D2-4CC0-B986-09C64E0B3769}.Debug|Any CPU.Build.0 = Debug|Any CPU
		{DE7EF51C-50D2-4CC0-B986-09C64E0B3769}.Release|Any CPU.ActiveCfg = Release|Any CPU
		{DE7EF51C-50D2-4CC0-B986-09C64E0B3769}.Release|Any CPU.Build.0 = Release|Any CPU
	EndGlobalSection
	GlobalSection(SolutionProperties) = preSolution
		HideSolutionNode = FALSE
	EndGlobalSection
	GlobalSection(ExtensibilityGlobals) = postSolution
		SolutionGuid = {5D25957C-4DF2-4369-8922-91998A08718E}
	EndGlobalSection
EndGlobal
